
Microsoft Visual Studio Solution File, Format Version 12.00
# Visual Studio Version 16
VisualStudioVersion = 16.0.29411.108
MinimumVisualStudioVersion = 10.0.40219.1
Project("{FAE04EC0-301F-11D3-BF4B-00C04F79EFBC}") = "TshirtGuy.Android", "Tshirt\Tshirt.Android\TshirtGuy.Android.csproj", "{FA4EE963-688D-4261-AAC4-76ECEDA186CA}"
EndProject
Project("{FAE04EC0-301F-11D3-BF4B-00C04F79EFBC}") = "TshirtGuy.iOS", "Tshirt\Tshirt.iOS\TshirtGuy.iOS.csproj", "{A3A7E492-28D2-4F7B-A7F9-86FA432F754A}"
EndProject
Project("{FAE04EC0-301F-11D3-BF4B-00C04F79EFBC}") = "TshirtGuy", "Tshirt\Tshirt\TshirtGuy.csproj", "{F2A38817-9576-4551-BD52-8AA544768D93}"
EndProject
Global
	GlobalSection(SolutionConfigurationPlatforms) = preSolution
		Debug|Any CPU = Debug|Any CPU
		Debug|iPhone = Debug|iPhone
		Debug|iPhoneSimulator = Debug|iPhoneSimulator
		Release|Any CPU = Release|Any CPU
		Release|iPhone = Release|iPhone
		Release|iPhoneSimulator = Release|iPhoneSimulator
	EndGlobalSection
	GlobalSection(ProjectConfigurationPlatforms) = postSolution
		{FA4EE963-688D-4261-AAC4-76ECEDA186CA}.Debug|Any CPU.ActiveCfg = Debug|Any CPU
		{FA4EE963-688D-4261-AAC4-76ECEDA186CA}.Debug|Any CPU.Build.0 = Debug|Any CPU
		{FA4EE963-688D-4261-AAC4-76ECEDA186CA}.Debug|Any CPU.Deploy.0 = Debug|Any CPU
		{FA4EE963-688D-4261-AAC4-76ECEDA186CA}.Debug|iPhone.ActiveCfg = Debug|Any CPU
		{FA4EE963-688D-4261-AAC4-76ECEDA186CA}.Debug|iPhone.Build.0 = Debug|Any CPU
		{FA4EE963-688D-4261-AAC4-76ECEDA186CA}.Debug|iPhone.Deploy.0 = Debug|Any CPU
		{FA4EE963-688D-4261-AAC4-76ECEDA186CA}.Debug|iPhoneSimulator.ActiveCfg = Debug|Any CPU
		{FA4EE963-688D-4261-AAC4-76ECEDA186CA}.Debug|iPhoneSimulator.Build.0 = Debug|Any CPU
		{FA4EE963-688D-4261-AAC4-76ECEDA186CA}.Debug|iPhoneSimulator.Deploy.0 = Debug|Any CPU
		{FA4EE963-688D-4261-AAC4-76ECEDA186CA}.Release|Any CPU.ActiveCfg = Release|Any CPU
		{FA4EE963-688D-4261-AAC4-76ECEDA186CA}.Release|Any CPU.Build.0 = Release|Any CPU
		{FA4EE963-688D-4261-AAC4-76ECEDA186CA}.Release|Any CPU.Deploy.0 = Release|Any CPU
		{FA4EE963-688D-4261-AAC4-76ECEDA186CA}.Release|iPhone.ActiveCfg = Release|Any CPU
		{FA4EE963-688D-4261-AAC4-76ECEDA186CA}.Release|iPhone.Build.0 = Release|Any CPU
		{FA4EE963-688D-4261-AAC4-76ECEDA186CA}.Release|iPhone.Deploy.0 = Release|Any CPU
		{FA4EE963-688D-4261-AAC4-76ECEDA186CA}.Release|iPhoneSimulator.ActiveCfg = Release|Any CPU
		{FA4EE963-688D-4261-AAC4-76ECEDA186CA}.Release|iPhoneSimulator.Build.0 = Release|Any CPU
		{FA4EE963-688D-4261-AAC4-76ECEDA186CA}.Release|iPhoneSimulator.Deploy.0 = Release|Any CPU
		{A3A7E492-28D2-4F7B-A7F9-86FA432F754A}.Debug|Any CPU.ActiveCfg = Debug|iPhoneSimulator
		{A3A7E492-28D2-4F7B-A7F9-86FA432F754A}.Debug|Any CPU.Build.0 = Debug|iPhoneSimulator
		{A3A7E492-28D2-4F7B-A7F9-86FA432F754A}.Debug|Any CPU.Deploy.0 = Debug|iPhoneSimulator
		{A3A7E492-28D2-4F7B-A7F9-86FA432F754A}.Debug|iPhone.ActiveCfg = Debug|iPhone
		{A3A7E492-28D2-4F7B-A7F9-86FA432F754A}.Debug|iPhone.Build.0 = Debug|iPhone
		{A3A7E492-28D2-4F7B-A7F9-86FA432F754A}.Debug|iPhone.Deploy.0 = Debug|iPhone
		{A3A7E492-28D2-4F7B-A7F9-86FA432F754A}.Debug|iPhoneSimulator.ActiveCfg = Debug|iPhoneSimulator
		{A3A7E492-28D2-4F7B-A7F9-86FA432F754A}.Debug|iPhoneSimulator.Build.0 = Debug|iPhoneSimulator
		{A3A7E492-28D2-4F7B-A7F9-86FA432F754A}.Debug|iPhoneSimulator.Deploy.0 = Debug|iPhoneSimulator
		{A3A7E492-28D2-4F7B-A7F9-86FA432F754A}.Release|Any CPU.ActiveCfg = Release|iPhone
		{A3A7E492-28D2-4F7B-A7F9-86FA432F754A}.Release|Any CPU.Build.0 = Release|iPhone
		{A3A7E492-28D2-4F7B-A7F9-86FA432F754A}.Release|Any CPU.Deploy.0 = Release|iPhone
		{A3A7E492-28D2-4F7B-A7F9-86FA432F754A}.Release|iPhone.ActiveCfg = Release|iPhone
		{A3A7E492-28D2-4F7B-A7F9-86FA432F754A}.Release|iPhone.Build.0 = Release|iPhone
		{A3A7E492-28D2-4F7B-A7F9-86FA432F754A}.Release|iPhone.Deploy.0 = Release|iPhone
		{A3A7E492-28D2-4F7B-A7F9-86FA432F754A}.Release|iPhoneSimulator.ActiveCfg = Release|iPhoneSimulator
		{A3A7E492-28D2-4F7B-A7F9-86FA432F754A}.Release|iPhoneSimulator.Build.0 = Release|iPhoneSimulator
		{A3A7E492-28D2-4F7B-A7F9-86FA432F754A}.Release|iPhoneSimulator.Deploy.0 = Release|iPhoneSimulator
		{F2A38817-9576-4551-BD52-8AA544768D93}.Debug|Any CPU.ActiveCfg = Debug|Any CPU
		{F2A38817-9576-4551-BD52-8AA544768D93}.Debug|Any CPU.Build.0 = Debug|Any CPU
		{F2A38817-9576-4551-BD52-8AA544768D93}.Debug|Any CPU.Deploy.0 = Debug|Any CPU
		{F2A38817-9576-4551-BD52-8AA544768D93}.Debug|iPhone.ActiveCfg = Debug|Any CPU
		{F2A38817-9576-4551-BD52-8AA544768D93}.Debug|iPhone.Build.0 = Debug|Any CPU
		{F2A38817-9576-4551-BD52-8AA544768D93}.Debug|iPhone.Deploy.0 = Debug|Any CPU
		{F2A38817-9576-4551-BD52-8AA544768D93}.Debug|iPhoneSimulator.ActiveCfg = Debug|Any CPU
		{F2A38817-9576-4551-BD52-8AA544768D93}.Debug|iPhoneSimulator.Build.0 = Debug|Any CPU
		{F2A38817-9576-4551-BD52-8AA544768D93}.Debug|iPhoneSimulator.Deploy.0 = Debug|Any CPU
		{F2A38817-9576-4551-BD52-8AA544768D93}.Release|Any CPU.ActiveCfg = Release|Any CPU
		{F2A38817-9576-4551-BD52-8AA544768D93}.Release|Any CPU.Build.0 = Release|Any CPU
		{F2A38817-9576-4551-BD52-8AA544768D93}.Release|Any CPU.Deploy.0 = Release|Any CPU
		{F2A38817-9576-4551-BD52-8AA544768D93}.Release|iPhone.ActiveCfg = Release|Any CPU
		{F2A38817-9576-4551-BD52-8AA544768D93}.Release|iPhone.Build.0 = Release|Any CPU
		{F2A38817-9576-4551-BD52-8AA544768D93}.Release|iPhone.Deploy.0 = Release|Any CPU
		{F2A38817-9576-4551-BD52-8AA544768D93}.Release|iPhoneSimulator.ActiveCfg = Release|Any CPU
		{F2A38817-9576-4551-BD52-8AA544768D93}.Release|iPhoneSimulator.Build.0 = Release|Any CPU
		{F2A38817-9576-4551-BD52-8AA544768D93}.Release|iPhoneSimulator.Deploy.0 = Release|Any CPU
	EndGlobalSection
	GlobalSection(SolutionProperties) = preSolution
		HideSolutionNode = FALSE
	EndGlobalSection
	GlobalSection(ExtensibilityGlobals) = postSolution
		SolutionGuid = {A749548C-CD63-421A-AFF1-76581A900822}
	EndGlobalSection
EndGlobal
